
Microsoft Visual Studio Solution File, Format Version 12.00
# Visual Studio Version 17
VisualStudioVersion = 17.1.32210.238
MinimumVisualStudioVersion = 10.0.40219.1
Project("{FAE04EC0-301F-11D3-BF4B-00C04F79EFBC}") = "GerenciamentoUsuariosApi", "GerenciamentoUsuariosApi.csproj", "{CD2EBF0F-18FD-4638-A4BB-DABB5E4F2F3A}"
EndProject
Global
	GlobalSection(SolutionConfigurationPlatforms) = preSolution
		Debug|Any CPU = Debug|Any CPU
		Release|Any CPU = Release|Any CPU
	EndGlobalSection
	GlobalSection(ProjectConfigurationPlatforms) = postSolution
		{CD2EBF0F-18FD-4638-A4BB-DABB5E4F2F3A}.Debug|Any CPU.ActiveCfg = Debug|Any CPU
		{CD2EBF0F-18FD-4638-A4BB-DABB5E4F2F3A}.Debug|Any CPU.Build.0 = Debug|Any CPU
		{CD2EBF0F-18FD-4638-A4BB-DABB5E4F2F3A}.Release|Any CPU.ActiveCfg = Release|Any CPU
		{CD2EBF0F-18FD-4638-A4BB-DABB5E4F2F3A}.Release|Any CPU.Build.0 = Release|Any CPU
	EndGlobalSection
	GlobalSection(SolutionProperties) = preSolution
		HideSolutionNode = FALSE
	EndGlobalSection
	GlobalSection(ExtensibilityGlobals) = postSolution
		SolutionGuid = {0E26BA7A-D7DA-4707-920E-436C1C5BBD40}
	EndGlobalSection
EndGlobal
